{
    "name": "helloworld",
    "version": "1.0.0",
    "lockfileVersion": 1,
    "requires": true,
    "dependencies": {
        "cordova-plugin-compat": {
            "version": "1.2.0",
            "resolved": "https://registry.npmjs.org/cordova-plugin-compat/-/cordova-plugin-compat-1.2.0.tgz",
            "integrity": "sha1-C8ZXVyduvZIMASzpIOJ0F3V2Nz4="
        },
        "cordova-plugin-geolocation": {
            "version": "4.0.1",
            "resolved": "https://registry.npmjs.org/cordova-plugin-geolocation/-/cordova-plugin-geolocation-4.0.1.tgz",
            "integrity": "sha1-RwP6ZJ0kBdJamnMsmev4aHVKLAQ="
        }
    }
}
